
Microsoft Visual Studio Solution File, Format Version 12.00
# Visual Studio Version 17
VisualStudioVersion = 17.11.35327.3
MinimumVisualStudioVersion = 10.0.40219.1
Project("{2150E333-8FDC-42A3-9474-1A3956D46DE8}") = "Src", "Src", "{D2D3B6A2-4949-4E0A-9B57-ED1702938EF4}"
EndProject
Project("{2150E333-8FDC-42A3-9474-1A3956D46DE8}") = "Test", "Test", "{05781424-D7DF-4AA9-9D6A-5B63FDA9F1D9}"
EndProject
Project("{2150E333-8FDC-42A3-9474-1A3956D46DE8}") = "Common", "Common", "{3C673A58-AAA8-400B-B9CD-12C5CE0041DA}"
EndProject
Project("{2150E333-8FDC-42A3-9474-1A3956D46DE8}") = "Core", "Core", "{6A45E91D-1A49-48BA-96D4-D2ACB4769A43}"
EndProject
Project("{2150E333-8FDC-42A3-9474-1A3956D46DE8}") = "Infrastructure", "Infrastructure", "{8BC553EF-FC17-41E2-A1F0-42E2DF54CB37}"
EndProject
Project("{2150E333-8FDC-42A3-9474-1A3956D46DE8}") = "Presentation", "Presentation", "{FE468050-D098-4602-BC60-8AA4638C5EB0}"
EndProject
Project("{FAE04EC0-301F-11D3-BF4B-00C04F79EFBC}") = "AQS_Common", "AQS_Common\AQS_Common.csproj", "{BCCE0B3D-6EDE-4EC4-B72E-385D795D7074}"
EndProject
Project("{FAE04EC0-301F-11D3-BF4B-00C04F79EFBC}") = "AQS_Aplication", "AQS_Aplication\AQS_Aplication.csproj", "{7DAEBB5E-5375-4293-9B11-59E7D6A2E16D}"
EndProject
Project("{FAE04EC0-301F-11D3-BF4B-00C04F79EFBC}") = "AQS_Domin", "AQS_Domin\AQS_Domin.csproj", "{DBB75E25-C324-499A-8CE2-0E3CEBFE8147}"
EndProject
Project("{FAE04EC0-301F-11D3-BF4B-00C04F79EFBC}") = "AQS_Infrastructure", "AQS_Infrastructure\AQS_Infrastructure.csproj", "{337980A5-E424-43CF-811D-D9F90A318996}"
EndProject
Project("{FAE04EC0-301F-11D3-BF4B-00C04F79EFBC}") = "AQS_Persistence", "AQS_Persistence\AQS_Persistence.csproj", "{9EE74EAF-6D82-4505-8675-ABE74A18E8D0}"
EndProject
Project("{2150E333-8FDC-42A3-9474-1A3956D46DE8}") = "Doc", "Doc", "{DEE6E64C-C022-43CE-8805-E6664BDBB104}"
EndProject
Project("{FAE04EC0-301F-11D3-BF4B-00C04F79EFBC}") = "WebSite.EndPoint", "WebSite.EndPoint\WebSite.EndPoint.csproj", "{9493B81C-AC68-47EB-85ED-F3B71465A8B8}"
EndProject
Project("{FAE04EC0-301F-11D3-BF4B-00C04F79EFBC}") = "ThirdParties", "ThirdParties\ThirdParties.csproj", "{C656EC53-8162-46E3-BA0C-B1A11C083A9E}"
EndProject
Global
	GlobalSection(SolutionConfigurationPlatforms) = preSolution
		Debug|Any CPU = Debug|Any CPU
		Release|Any CPU = Release|Any CPU
	EndGlobalSection
	GlobalSection(ProjectConfigurationPlatforms) = postSolution
		{BCCE0B3D-6EDE-4EC4-B72E-385D795D7074}.Debug|Any CPU.ActiveCfg = Debug|Any CPU
		{BCCE0B3D-6EDE-4EC4-B72E-385D795D7074}.Debug|Any CPU.Build.0 = Debug|Any CPU
		{BCCE0B3D-6EDE-4EC4-B72E-385D795D7074}.Release|Any CPU.ActiveCfg = Release|Any CPU
		{BCCE0B3D-6EDE-4EC4-B72E-385D795D7074}.Release|Any CPU.Build.0 = Release|Any CPU
		{7DAEBB5E-5375-4293-9B11-59E7D6A2E16D}.Debug|Any CPU.ActiveCfg = Debug|Any CPU
		{7DAEBB5E-5375-4293-9B11-59E7D6A2E16D}.Debug|Any CPU.Build.0 = Debug|Any CPU
		{7DAEBB5E-5375-4293-9B11-59E7D6A2E16D}.Release|Any CPU.ActiveCfg = Release|Any CPU
		{7DAEBB5E-5375-4293-9B11-59E7D6A2E16D}.Release|Any CPU.Build.0 = Release|Any CPU
		{DBB75E25-C324-499A-8CE2-0E3CEBFE8147}.Debug|Any CPU.ActiveCfg = Debug|Any CPU
		{DBB75E25-C324-499A-8CE2-0E3CEBFE8147}.Debug|Any CPU.Build.0 = Debug|Any CPU
		{DBB75E25-C324-499A-8CE2-0E3CEBFE8147}.Release|Any CPU.ActiveCfg = Release|Any CPU
		{DBB75E25-C324-499A-8CE2-0E3CEBFE8147}.Release|Any CPU.Build.0 = Release|Any CPU
		{337980A5-E424-43CF-811D-D9F90A318996}.Debug|Any CPU.ActiveCfg = Debug|Any CPU
		{337980A5-E424-43CF-811D-D9F90A318996}.Debug|Any CPU.Build.0 = Debug|Any CPU
		{337980A5-E424-43CF-811D-D9F90A318996}.Release|Any CPU.ActiveCfg = Release|Any CPU
		{337980A5-E424-43CF-811D-D9F90A318996}.Release|Any CPU.Build.0 = Release|Any CPU
		{9EE74EAF-6D82-4505-8675-ABE74A18E8D0}.Debug|Any CPU.ActiveCfg = Debug|Any CPU
		{9EE74EAF-6D82-4505-8675-ABE74A18E8D0}.Debug|Any CPU.Build.0 = Debug|Any CPU
		{9EE74EAF-6D82-4505-8675-ABE74A18E8D0}.Release|Any CPU.ActiveCfg = Release|Any CPU
		{9EE74EAF-6D82-4505-8675-ABE74A18E8D0}.Release|Any CPU.Build.0 = Release|Any CPU
		{9493B81C-AC68-47EB-85ED-F3B71465A8B8}.Debug|Any CPU.ActiveCfg = Debug|Any CPU
		{9493B81C-AC68-47EB-85ED-F3B71465A8B8}.Debug|Any CPU.Build.0 = Debug|Any CPU
		{9493B81C-AC68-47EB-85ED-F3B71465A8B8}.Release|Any CPU.ActiveCfg = Release|Any CPU
		{9493B81C-AC68-47EB-85ED-F3B71465A8B8}.Release|Any CPU.Build.0 = Release|Any CPU
		{C656EC53-8162-46E3-BA0C-B1A11C083A9E}.Debug|Any CPU.ActiveCfg = Debug|Any CPU
		{C656EC53-8162-46E3-BA0C-B1A11C083A9E}.Debug|Any CPU.Build.0 = Debug|Any CPU
		{C656EC53-8162-46E3-BA0C-B1A11C083A9E}.Release|Any CPU.ActiveCfg = Release|Any CPU
		{C656EC53-8162-46E3-BA0C-B1A11C083A9E}.Release|Any CPU.Build.0 = Release|Any CPU
	EndGlobalSection
	GlobalSection(SolutionProperties) = preSolution
		HideSolutionNode = FALSE
	EndGlobalSection
	GlobalSection(NestedProjects) = preSolution
		{3C673A58-AAA8-400B-B9CD-12C5CE0041DA} = {D2D3B6A2-4949-4E0A-9B57-ED1702938EF4}
		{6A45E91D-1A49-48BA-96D4-D2ACB4769A43} = {D2D3B6A2-4949-4E0A-9B57-ED1702938EF4}
		{8BC553EF-FC17-41E2-A1F0-42E2DF54CB37} = {D2D3B6A2-4949-4E0A-9B57-ED1702938EF4}
		{FE468050-D098-4602-BC60-8AA4638C5EB0} = {D2D3B6A2-4949-4E0A-9B57-ED1702938EF4}
		{BCCE0B3D-6EDE-4EC4-B72E-385D795D7074} = {3C673A58-AAA8-400B-B9CD-12C5CE0041DA}
		{7DAEBB5E-5375-4293-9B11-59E7D6A2E16D} = {6A45E91D-1A49-48BA-96D4-D2ACB4769A43}
		{DBB75E25-C324-499A-8CE2-0E3CEBFE8147} = {6A45E91D-1A49-48BA-96D4-D2ACB4769A43}
		{337980A5-E424-43CF-811D-D9F90A318996} = {8BC553EF-FC17-41E2-A1F0-42E2DF54CB37}
		{9EE74EAF-6D82-4505-8675-ABE74A18E8D0} = {8BC553EF-FC17-41E2-A1F0-42E2DF54CB37}
		{9493B81C-AC68-47EB-85ED-F3B71465A8B8} = {FE468050-D098-4602-BC60-8AA4638C5EB0}
		{C656EC53-8162-46E3-BA0C-B1A11C083A9E} = {8BC553EF-FC17-41E2-A1F0-42E2DF54CB37}
	EndGlobalSection
	GlobalSection(ExtensibilityGlobals) = postSolution
		SolutionGuid = {AB465A53-74D5-43B9-8AC8-5BB4D0DB9962}
	EndGlobalSection
EndGlobal
